
Microsoft Visual Studio Solution File, Format Version 12.00
# Visual Studio Version 17
VisualStudioVersion = 17.11.35327.3
MinimumVisualStudioVersion = 10.0.40219.1
Project("{FAE04EC0-301F-11D3-BF4B-00C04F79EFBC}") = "Gadara", "Gadara\Gadara.csproj", "{4928CC66-C401-416F-B86A-6DDB61FE1025}"
EndProject
Global
	GlobalSection(SolutionConfigurationPlatforms) = preSolution
		Debug|Any CPU = Debug|Any CPU
		Release|Any CPU = Release|Any CPU
	EndGlobalSection
	GlobalSection(ProjectConfigurationPlatforms) = postSolution
		{4928CC66-C401-416F-B86A-6DDB61FE1025}.Debug|Any CPU.ActiveCfg = Debug|Any CPU
		{4928CC66-C401-416F-B86A-6DDB61FE1025}.Debug|Any CPU.Build.0 = Debug|Any CPU
		{4928CC66-C401-416F-B86A-6DDB61FE1025}.Release|Any CPU.ActiveCfg = Release|Any CPU
		{4928CC66-C401-416F-B86A-6DDB61FE1025}.Release|Any CPU.Build.0 = Release|Any CPU
	EndGlobalSection
	GlobalSection(SolutionProperties) = preSolution
		HideSolutionNode = FALSE
	EndGlobalSection
	GlobalSection(ExtensibilityGlobals) = postSolution
		SolutionGuid = {4A5E4BCA-AD2C-46F3-8822-E55729CA96DE}
	EndGlobalSection
EndGlobal
